
Microsoft Visual Studio Solution File, Format Version 12.00
# Visual Studio Version 16
VisualStudioVersion = 16.0.31019.35
MinimumVisualStudioVersion = 10.0.40219.1
Project("{FAE04EC0-301F-11D3-BF4B-00C04F79EFBC}") = "ImgCloudPaste", "ImgCloudPaste\ImgCloudPaste.csproj", "{616EF19C-070D-4768-AB50-AB02A0A1C187}"
EndProject
Global
	GlobalSection(SolutionConfigurationPlatforms) = preSolution
		Debug|Any CPU = Debug|Any CPU
		Release|Any CPU = Release|Any CPU
	EndGlobalSection
	GlobalSection(ProjectConfigurationPlatforms) = postSolution
		{616EF19C-070D-4768-AB50-AB02A0A1C187}.Debug|Any CPU.ActiveCfg = Debug|Any CPU
		{616EF19C-070D-4768-AB50-AB02A0A1C187}.Debug|Any CPU.Build.0 = Debug|Any CPU
		{616EF19C-070D-4768-AB50-AB02A0A1C187}.Release|Any CPU.ActiveCfg = Release|Any CPU
		{616EF19C-070D-4768-AB50-AB02A0A1C187}.Release|Any CPU.Build.0 = Release|Any CPU
	EndGlobalSection
	GlobalSection(SolutionProperties) = preSolution
		HideSolutionNode = FALSE
	EndGlobalSection
	GlobalSection(ExtensibilityGlobals) = postSolution
		SolutionGuid = {39C27D25-262C-4952-98BC-E9EBDE713648}
	EndGlobalSection
EndGlobal
